// !$*UTF8*$!
{
	archiveVersion = 1;
	classes = {
	};
	objectVersion = 46;
	objects = {

/* Begin PBXBuildFile section */
		1D3623260D0F684500981E51 /* HandlaAppDelegate.m in Sources */ = {isa = PBXBuildFile; fileRef = 1D3623250D0F684500981E51 /* HandlaAppDelegate.m */; };
		1D60589B0D05DD56006BFB54 /* main.m in Sources */ = {isa = PBXBuildFile; fileRef = 29B97316FDCFA39411CA2CEA /* main.m */; };
		1D60589F0D05DD5A006BFB54 /* Foundation.framework in Frameworks */ = {isa = PBXBuildFile; fileRef = 1D30AB110D05D00D00671497 /* Foundation.framework */; };
		1DF5F4E00D08C38300B7A737 /* UIKit.framework in Frameworks */ = {isa = PBXBuildFile; fileRef = 1DF5F4DF0D08C38300B7A737 /* UIKit.framework */; };
		288765A50DF7441C002DB57D /* CoreGraphics.framework in Frameworks */ = {isa = PBXBuildFile; fileRef = 288765A40DF7441C002DB57D /* CoreGraphics.framework */; };
		28D801B40F44B63D00FB423F /* CoreData.framework in Frameworks */ = {isa = PBXBuildFile; fileRef = 28D801B30F44B63D00FB423F /* CoreData.framework */; };
		352EA5FB130ABFC5001D6E7F /* GHUnitIOS.framework in Frameworks */ = {isa = PBXBuildFile; fileRef = 352EA5F7130ABFB9001D6E7F /* GHUnitIOS.framework */; };
		352EA613130ABFD1001D6E7F /* GHUnitIOSTestMain.m in Sources */ = {isa = PBXBuildFile; fileRef = 352EA5E7130ABEF3001D6E7F /* GHUnitIOSTestMain.m */; };
		352EA614130ABFD1001D6E7F /* TestingConstants.m in Sources */ = {isa = PBXBuildFile; fileRef = 352EA5E6130ABEF3001D6E7F /* TestingConstants.m */; };
		352EA615130ABFD1001D6E7F /* ExampleTestCase.m in Sources */ = {isa = PBXBuildFile; fileRef = 352EA5E8130ABEF3001D6E7F /* ExampleTestCase.m */; };
		352EA63E130AC045001D6E7F /* Foundation.framework in Frameworks */ = {isa = PBXBuildFile; fileRef = 1D30AB110D05D00D00671497 /* Foundation.framework */; };
		352EA63F130AC045001D6E7F /* UIKit.framework in Frameworks */ = {isa = PBXBuildFile; fileRef = 1DF5F4DF0D08C38300B7A737 /* UIKit.framework */; };
		352EA640130AC045001D6E7F /* CoreGraphics.framework in Frameworks */ = {isa = PBXBuildFile; fileRef = 288765A40DF7441C002DB57D /* CoreGraphics.framework */; };
		352EA641130AC045001D6E7F /* CoreData.framework in Frameworks */ = {isa = PBXBuildFile; fileRef = 28D801B30F44B63D00FB423F /* CoreData.framework */; };
		359DED75131519CD00F3D4F1 /* ArticleTest.m in Sources */ = {isa = PBXBuildFile; fileRef = 359DED73131519CD00F3D4F1 /* ArticleTest.m */; };
		359DED76131519CD00F3D4F1 /* ListTest.m in Sources */ = {isa = PBXBuildFile; fileRef = 359DED74131519CD00F3D4F1 /* ListTest.m */; };
		481BFF76130D16E700AC4CC8 /* AddArticleListViewController.m in Sources */ = {isa = PBXBuildFile; fileRef = 481BFF75130D16E700AC4CC8 /* AddArticleListViewController.m */; };
		481BFF8A130D18DC00AC4CC8 /* BudgetSettingsViewController.m in Sources */ = {isa = PBXBuildFile; fileRef = 481BFF88130D18DC00AC4CC8 /* BudgetSettingsViewController.m */; };
		481BFF98130D1E9B00AC4CC8 /* BudgetPostDetailViewController.m in Sources */ = {isa = PBXBuildFile; fileRef = 481BFF97130D1E9B00AC4CC8 /* BudgetPostDetailViewController.m */; };
		481BFFAE130D21B300AC4CC8 /* Handla.xcdatamodeld in Sources */ = {isa = PBXBuildFile; fileRef = 481BFFAC130D21B300AC4CC8 /* Handla.xcdatamodeld */; };
		481BFFD0130D220900AC4CC8 /* BudgetIcon.png in Resources */ = {isa = PBXBuildFile; fileRef = 481BFFCC130D220900AC4CC8 /* BudgetIcon.png */; };
		481BFFD1130D220900AC4CC8 /* BudgetIcon@2x.png in Resources */ = {isa = PBXBuildFile; fileRef = 481BFFCD130D220900AC4CC8 /* BudgetIcon@2x.png */; };
		481BFFD2130D220900AC4CC8 /* ListIcon.png in Resources */ = {isa = PBXBuildFile; fileRef = 481BFFCE130D220900AC4CC8 /* ListIcon.png */; };
		481BFFD3130D220900AC4CC8 /* ListIcon@2x.png in Resources */ = {isa = PBXBuildFile; fileRef = 481BFFCF130D220900AC4CC8 /* ListIcon@2x.png */; };
		483CD36A1316DEBB00671D5A /* libzbar.a in Frameworks */ = {isa = PBXBuildFile; fileRef = 483CD3641316DEBB00671D5A /* libzbar.a */; };
		483CD36B1316DEBB00671D5A /* zbar-back.png in Resources */ = {isa = PBXBuildFile; fileRef = 483CD3661316DEBB00671D5A /* zbar-back.png */; };
		483CD36C1316DEBB00671D5A /* zbar-help.html in Resources */ = {isa = PBXBuildFile; fileRef = 483CD3671316DEBB00671D5A /* zbar-help.html */; };
		483CD36D1316DEBB00671D5A /* zbar-helpicons.png in Resources */ = {isa = PBXBuildFile; fileRef = 483CD3681316DEBB00671D5A /* zbar-helpicons.png */; };
		483CD36E1316DEBB00671D5A /* zbar-samples.png in Resources */ = {isa = PBXBuildFile; fileRef = 483CD3691316DEBB00671D5A /* zbar-samples.png */; };
		483CD38A1316DFBF00671D5A /* libiconv.dylib in Frameworks */ = {isa = PBXBuildFile; fileRef = 483CD3891316DFBF00671D5A /* libiconv.dylib */; };
		483CD3931316DFD300671D5A /* QuartzCore.framework in Frameworks */ = {isa = PBXBuildFile; fileRef = 483CD3921316DFD300671D5A /* QuartzCore.framework */; };
		483CD3B51316E05200671D5A /* AVFoundation.framework in Frameworks */ = {isa = PBXBuildFile; fileRef = 483CD3B41316E05200671D5A /* AVFoundation.framework */; };
		483CD3B71316E05200671D5A /* CoreMedia.framework in Frameworks */ = {isa = PBXBuildFile; fileRef = 483CD3B61316E05200671D5A /* CoreMedia.framework */; };
		483CD3B91316E05200671D5A /* CoreVideo.framework in Frameworks */ = {isa = PBXBuildFile; fileRef = 483CD3B81316E05200671D5A /* CoreVideo.framework */; };
		4848B960130AA95300702E2D /* ListsViewController.m in Sources */ = {isa = PBXBuildFile; fileRef = 4848B95F130AA95300702E2D /* ListsViewController.m */; };
		4848B9C5130AB22100702E2D /* BudgetViewController.m in Sources */ = {isa = PBXBuildFile; fileRef = 4848B9C4130AB22100702E2D /* BudgetViewController.m */; };
		4848BA5C130AE7EF00702E2D /* AlertPrompt.m in Sources */ = {isa = PBXBuildFile; fileRef = 4848BA5B130AE7EF00702E2D /* AlertPrompt.m */; };
		4848BABF130AFEDD00702E2D /* BudgetPost.m in Sources */ = {isa = PBXBuildFile; fileRef = 4848BAB8130AFEDD00702E2D /* BudgetPost.m */; };
		4848BAC0130AFEDD00702E2D /* List.m in Sources */ = {isa = PBXBuildFile; fileRef = 4848BABA130AFEDD00702E2D /* List.m */; };
		4848BAC1130AFEDD00702E2D /* Article.m in Sources */ = {isa = PBXBuildFile; fileRef = 4848BABC130AFEDD00702E2D /* Article.m */; };
		4848BAC2130AFEDD00702E2D /* ListArticle.m in Sources */ = {isa = PBXBuildFile; fileRef = 4848BABE130AFEDD00702E2D /* ListArticle.m */; };
		4848BAF1130B03BF00702E2D /* CoreDataTableViewController.m in Sources */ = {isa = PBXBuildFile; fileRef = 4848BAF0130B03BF00702E2D /* CoreDataTableViewController.m */; };
		4848BBD1130B342400702E2D /* IndividualListTableViewController.m in Sources */ = {isa = PBXBuildFile; fileRef = 4848BBD0130B342400702E2D /* IndividualListTableViewController.m */; };
		48C3F5A81312F4A700EAE609 /* BudgetTableViewController.m in Sources */ = {isa = PBXBuildFile; fileRef = 48C3F5A71312F4A700EAE609 /* BudgetTableViewController.m */; };
		48C3F5F61312FA1000EAE609 /* BudgetTableViewCell.m in Sources */ = {isa = PBXBuildFile; fileRef = 48C3F5F51312FA1000EAE609 /* BudgetTableViewCell.m */; };
		48C3F71213140F5800EAE609 /* BudgetPostDetailViewController.xib in Resources */ = {isa = PBXBuildFile; fileRef = 48C3F70C13140F5800EAE609 /* BudgetPostDetailViewController.xib */; };
		48C3F71313140F5800EAE609 /* BudgetSettingsViewController.xib in Resources */ = {isa = PBXBuildFile; fileRef = 48C3F70D13140F5800EAE609 /* BudgetSettingsViewController.xib */; };
		48C3F71413140F5800EAE609 /* BudgetTableViewCell.xib in Resources */ = {isa = PBXBuildFile; fileRef = 48C3F70E13140F5800EAE609 /* BudgetTableViewCell.xib */; };
		48C3F71513140F5800EAE609 /* BudgetViewController.xib in Resources */ = {isa = PBXBuildFile; fileRef = 48C3F70F13140F5800EAE609 /* BudgetViewController.xib */; };
		48C3F71613140F5800EAE609 /* IndividualListViewController.xib in Resources */ = {isa = PBXBuildFile; fileRef = 48C3F71013140F5800EAE609 /* IndividualListViewController.xib */; };
		48C3F71713140F5800EAE609 /* MainWindow.xib in Resources */ = {isa = PBXBuildFile; fileRef = 48C3F71113140F5800EAE609 /* MainWindow.xib */; };
		48C3F9241314650F00EAE609 /* ArticleDetailViewController.m in Sources */ = {isa = PBXBuildFile; fileRef = 48C3F9221314650F00EAE609 /* ArticleDetailViewController.m */; };
		48C3F9251314650F00EAE609 /* ArticleDetailViewController.xib in Resources */ = {isa = PBXBuildFile; fileRef = 48C3F9231314650F00EAE609 /* ArticleDetailViewController.xib */; };
		48F0D9011311B05E003D0352 /* IndividualListViewController.m in Sources */ = {isa = PBXBuildFile; fileRef = 48F0D8FF1311B05E003D0352 /* IndividualListViewController.m */; };
/* End PBXBuildFile section */

/* Begin PBXContainerItemProxy section */
		352EA611130ABFCC001D6E7F /* PBXContainerItemProxy */ = {
			isa = PBXContainerItemProxy;
			containerPortal = 29B97313FDCFA39411CA2CEA /* Project object */;
			proxyType = 1;
			remoteGlobalIDString = 1D6058900D05DD3D006BFB54;
			remoteInfo = Handla;
		};
/* End PBXContainerItemProxy section */

/* Begin PBXFileReference section */
		1D30AB110D05D00D00671497 /* Foundation.framework */ = {isa = PBXFileReference; lastKnownFileType = wrapper.framework; name = Foundation.framework; path = System/Library/Frameworks/Foundation.framework; sourceTree = SDKROOT; };
		1D3623240D0F684500981E51 /* HandlaAppDelegate.h */ = {isa = PBXFileReference; fileEncoding = 4; lastKnownFileType = sourcecode.c.h; path = HandlaAppDelegate.h; sourceTree = "<group>"; };
		1D3623250D0F684500981E51 /* HandlaAppDelegate.m */ = {isa = PBXFileReference; fileEncoding = 4; lastKnownFileType = sourcecode.c.objc; path = HandlaAppDelegate.m; sourceTree = "<group>"; };
		1D6058910D05DD3D006BFB54 /* Handla.app */ = {isa = PBXFileReference; explicitFileType = wrapper.application; includeInIndex = 0; path = Handla.app; sourceTree = BUILT_PRODUCTS_DIR; };
		1DF5F4DF0D08C38300B7A737 /* UIKit.framework */ = {isa = PBXFileReference; lastKnownFileType = wrapper.framework; name = UIKit.framework; path = System/Library/Frameworks/UIKit.framework; sourceTree = SDKROOT; };
		288765A40DF7441C002DB57D /* CoreGraphics.framework */ = {isa = PBXFileReference; lastKnownFileType = wrapper.framework; name = CoreGraphics.framework; path = System/Library/Frameworks/CoreGraphics.framework; sourceTree = SDKROOT; };
		28D801B30F44B63D00FB423F /* CoreData.framework */ = {isa = PBXFileReference; lastKnownFileType = wrapper.framework; name = CoreData.framework; path = System/Library/Frameworks/CoreData.framework; sourceTree = SDKROOT; };
		29B97316FDCFA39411CA2CEA /* main.m */ = {isa = PBXFileReference; fileEncoding = 4; lastKnownFileType = sourcecode.c.objc; path = main.m; sourceTree = "<group>"; };
		32CA4F630368D1EE00C91783 /* Handla_Prefix.pch */ = {isa = PBXFileReference; fileEncoding = 4; lastKnownFileType = sourcecode.c.h; path = Handla_Prefix.pch; sourceTree = "<group>"; };
		352EA5E6130ABEF3001D6E7F /* TestingConstants.m */ = {isa = PBXFileReference; fileEncoding = 4; lastKnownFileType = sourcecode.c.objc; path = TestingConstants.m; sourceTree = "<group>"; };
		352EA5E7130ABEF3001D6E7F /* GHUnitIOSTestMain.m */ = {isa = PBXFileReference; fileEncoding = 4; lastKnownFileType = sourcecode.c.objc; path = GHUnitIOSTestMain.m; sourceTree = "<group>"; };
		352EA5E8130ABEF3001D6E7F /* ExampleTestCase.m */ = {isa = PBXFileReference; fileEncoding = 4; lastKnownFileType = sourcecode.c.objc; path = ExampleTestCase.m; sourceTree = "<group>"; };
		352EA5F1130ABF95001D6E7F /* Unit tests.app */ = {isa = PBXFileReference; explicitFileType = wrapper.application; includeInIndex = 0; path = "Unit tests.app"; sourceTree = BUILT_PRODUCTS_DIR; };
		352EA5F3130ABF95001D6E7F /* Unit tests-Info.plist */ = {isa = PBXFileReference; lastKnownFileType = text.plist.xml; path = "Unit tests-Info.plist"; sourceTree = "<group>"; };
		352EA5F7130ABFB9001D6E7F /* GHUnitIOS.framework */ = {isa = PBXFileReference; lastKnownFileType = wrapper.framework; name = GHUnitIOS.framework; path = Unit_testing/GHUnitIOS.framework; sourceTree = "<group>"; };
		359DED73131519CD00F3D4F1 /* ArticleTest.m */ = {isa = PBXFileReference; fileEncoding = 4; lastKnownFileType = sourcecode.c.objc; path = ArticleTest.m; sourceTree = "<group>"; };
		359DED74131519CD00F3D4F1 /* ListTest.m */ = {isa = PBXFileReference; fileEncoding = 4; lastKnownFileType = sourcecode.c.objc; path = ListTest.m; sourceTree = "<group>"; };
		481BFF74130D16E700AC4CC8 /* AddArticleListViewController.h */ = {isa = PBXFileReference; fileEncoding = 4; lastKnownFileType = sourcecode.c.h; path = AddArticleListViewController.h; sourceTree = "<group>"; };
		481BFF75130D16E700AC4CC8 /* AddArticleListViewController.m */ = {isa = PBXFileReference; fileEncoding = 4; lastKnownFileType = sourcecode.c.objc; path = AddArticleListViewController.m; sourceTree = "<group>"; };
		481BFF87130D18DC00AC4CC8 /* BudgetSettingsViewController.h */ = {isa = PBXFileReference; fileEncoding = 4; lastKnownFileType = sourcecode.c.h; path = BudgetSettingsViewController.h; sourceTree = "<group>"; };
		481BFF88130D18DC00AC4CC8 /* BudgetSettingsViewController.m */ = {isa = PBXFileReference; fileEncoding = 4; lastKnownFileType = sourcecode.c.objc; path = BudgetSettingsViewController.m; sourceTree = "<group>"; };
		481BFF96130D1E9B00AC4CC8 /* BudgetPostDetailViewController.h */ = {isa = PBXFileReference; fileEncoding = 4; lastKnownFileType = sourcecode.c.h; path = BudgetPostDetailViewController.h; sourceTree = "<group>"; };
		481BFF97130D1E9B00AC4CC8 /* BudgetPostDetailViewController.m */ = {isa = PBXFileReference; fileEncoding = 4; lastKnownFileType = sourcecode.c.objc; path = BudgetPostDetailViewController.m; sourceTree = "<group>"; };
		481BFFAD130D21B300AC4CC8 /* Handla.xcdatamodel */ = {isa = PBXFileReference; fileEncoding = 4; lastKnownFileType = wrapper.xcdatamodel; path = Handla.xcdatamodel; sourceTree = "<group>"; };
		481BFFCC130D220900AC4CC8 /* BudgetIcon.png */ = {isa = PBXFileReference; lastKnownFileType = image.png; name = BudgetIcon.png; path = Resources/Images/BudgetIcon.png; sourceTree = "<group>"; };
		481BFFCD130D220900AC4CC8 /* BudgetIcon@2x.png */ = {isa = PBXFileReference; lastKnownFileType = image.png; name = "BudgetIcon@2x.png"; path = "Resources/Images/BudgetIcon@2x.png"; sourceTree = "<group>"; };
		481BFFCE130D220900AC4CC8 /* ListIcon.png */ = {isa = PBXFileReference; lastKnownFileType = image.png; name = ListIcon.png; path = Resources/Images/ListIcon.png; sourceTree = "<group>"; };
		481BFFCF130D220900AC4CC8 /* ListIcon@2x.png */ = {isa = PBXFileReference; lastKnownFileType = image.png; name = "ListIcon@2x.png"; path = "Resources/Images/ListIcon@2x.png"; sourceTree = "<group>"; };
		483CD3511316DEBB00671D5A /* Decoder.h */ = {isa = PBXFileReference; fileEncoding = 4; lastKnownFileType = sourcecode.c.h; path = Decoder.h; sourceTree = "<group>"; };
		483CD3521316DEBB00671D5A /* Exception.h */ = {isa = PBXFileReference; fileEncoding = 4; lastKnownFileType = sourcecode.c.h; path = Exception.h; sourceTree = "<group>"; };
		483CD3531316DEBB00671D5A /* Image.h */ = {isa = PBXFileReference; fileEncoding = 4; lastKnownFileType = sourcecode.c.h; path = Image.h; sourceTree = "<group>"; };
		483CD3541316DEBB00671D5A /* ImageScanner.h */ = {isa = PBXFileReference; fileEncoding = 4; lastKnownFileType = sourcecode.c.h; path = ImageScanner.h; sourceTree = "<group>"; };
		483CD3551316DEBB00671D5A /* Processor.h */ = {isa = PBXFileReference; fileEncoding = 4; lastKnownFileType = sourcecode.c.h; path = Processor.h; sourceTree = "<group>"; };
		483CD3561316DEBB00671D5A /* Scanner.h */ = {isa = PBXFileReference; fileEncoding = 4; lastKnownFileType = sourcecode.c.h; path = Scanner.h; sourceTree = "<group>"; };
		483CD3571316DEBB00671D5A /* Symbol.h */ = {isa = PBXFileReference; fileEncoding = 4; lastKnownFileType = sourcecode.c.h; path = Symbol.h; sourceTree = "<group>"; };
		483CD3581316DEBB00671D5A /* Video.h */ = {isa = PBXFileReference; fileEncoding = 4; lastKnownFileType = sourcecode.c.h; path = Video.h; sourceTree = "<group>"; };
		483CD3591316DEBB00671D5A /* Window.h */ = {isa = PBXFileReference; fileEncoding = 4; lastKnownFileType = sourcecode.c.h; path = Window.h; sourceTree = "<group>"; };
		483CD35A1316DEBB00671D5A /* zbar.h */ = {isa = PBXFileReference; fileEncoding = 4; lastKnownFileType = sourcecode.c.h; path = zbar.h; sourceTree = "<group>"; };
		483CD35B1316DEBB00671D5A /* ZBarCaptureReader.h */ = {isa = PBXFileReference; fileEncoding = 4; lastKnownFileType = sourcecode.c.h; path = ZBarCaptureReader.h; sourceTree = "<group>"; };
		483CD35C1316DEBB00671D5A /* ZBarHelpController.h */ = {isa = PBXFileReference; fileEncoding = 4; lastKnownFileType = sourcecode.c.h; path = ZBarHelpController.h; sourceTree = "<group>"; };
		483CD35D1316DEBB00671D5A /* ZBarImage.h */ = {isa = PBXFileReference; fileEncoding = 4; lastKnownFileType = sourcecode.c.h; path = ZBarImage.h; sourceTree = "<group>"; };
		483CD35E1316DEBB00671D5A /* ZBarImageScanner.h */ = {isa = PBXFileReference; fileEncoding = 4; lastKnownFileType = sourcecode.c.h; path = ZBarImageScanner.h; sourceTree = "<group>"; };
		483CD35F1316DEBB00671D5A /* ZBarReaderController.h */ = {isa = PBXFileReference; fileEncoding = 4; lastKnownFileType = sourcecode.c.h; path = ZBarReaderController.h; sourceTree = "<group>"; };
		483CD3601316DEBB00671D5A /* ZBarReaderView.h */ = {isa = PBXFileReference; fileEncoding = 4; lastKnownFileType = sourcecode.c.h; path = ZBarReaderView.h; sourceTree = "<group>"; };
		483CD3611316DEBB00671D5A /* ZBarReaderViewController.h */ = {isa = PBXFileReference; fileEncoding = 4; lastKnownFileType = sourcecode.c.h; path = ZBarReaderViewController.h; sourceTree = "<group>"; };
		483CD3621316DEBB00671D5A /* ZBarSDK.h */ = {isa = PBXFileReference; fileEncoding = 4; lastKnownFileType = sourcecode.c.h; path = ZBarSDK.h; sourceTree = "<group>"; };
		483CD3631316DEBB00671D5A /* ZBarSymbol.h */ = {isa = PBXFileReference; fileEncoding = 4; lastKnownFileType = sourcecode.c.h; path = ZBarSymbol.h; sourceTree = "<group>"; };
		483CD3641316DEBB00671D5A /* libzbar.a */ = {isa = PBXFileReference; lastKnownFileType = archive.ar; path = libzbar.a; sourceTree = "<group>"; };
		483CD3661316DEBB00671D5A /* zbar-back.png */ = {isa = PBXFileReference; lastKnownFileType = image.png; path = "zbar-back.png"; sourceTree = "<group>"; };
		483CD3671316DEBB00671D5A /* zbar-help.html */ = {isa = PBXFileReference; fileEncoding = 4; lastKnownFileType = text.html; path = "zbar-help.html"; sourceTree = "<group>"; };
		483CD3681316DEBB00671D5A /* zbar-helpicons.png */ = {isa = PBXFileReference; lastKnownFileType = image.png; path = "zbar-helpicons.png"; sourceTree = "<group>"; };
		483CD3691316DEBB00671D5A /* zbar-samples.png */ = {isa = PBXFileReference; lastKnownFileType = image.png; path = "zbar-samples.png"; sourceTree = "<group>"; };
		483CD3891316DFBF00671D5A /* libiconv.dylib */ = {isa = PBXFileReference; lastKnownFileType = "compiled.mach-o.dylib"; name = libiconv.dylib; path = usr/lib/libiconv.dylib; sourceTree = SDKROOT; };
		483CD3921316DFD300671D5A /* QuartzCore.framework */ = {isa = PBXFileReference; lastKnownFileType = wrapper.framework; name = QuartzCore.framework; path = System/Library/Frameworks/QuartzCore.framework; sourceTree = SDKROOT; };
		483CD3B41316E05200671D5A /* AVFoundation.framework */ = {isa = PBXFileReference; lastKnownFileType = wrapper.framework; name = AVFoundation.framework; path = System/Library/Frameworks/AVFoundation.framework; sourceTree = SDKROOT; };
		483CD3B61316E05200671D5A /* CoreMedia.framework */ = {isa = PBXFileReference; lastKnownFileType = wrapper.framework; name = CoreMedia.framework; path = System/Library/Frameworks/CoreMedia.framework; sourceTree = SDKROOT; };
		483CD3B81316E05200671D5A /* CoreVideo.framework */ = {isa = PBXFileReference; lastKnownFileType = wrapper.framework; name = CoreVideo.framework; path = System/Library/Frameworks/CoreVideo.framework; sourceTree = SDKROOT; };
		483CD41D1316E5EF00671D5A /* Handla 2.xcdatamodel */ = {isa = PBXFileReference; lastKnownFileType = wrapper.xcdatamodel; path = "Handla 2.xcdatamodel"; sourceTree = "<group>"; };
		4848B95E130AA95300702E2D /* ListsViewController.h */ = {isa = PBXFileReference; fileEncoding = 4; lastKnownFileType = sourcecode.c.h; path = ListsViewController.h; sourceTree = "<group>"; };
		4848B95F130AA95300702E2D /* ListsViewController.m */ = {isa = PBXFileReference; fileEncoding = 4; lastKnownFileType = sourcecode.c.objc; path = ListsViewController.m; sourceTree = "<group>"; };
		4848B9C3130AB22100702E2D /* BudgetViewController.h */ = {isa = PBXFileReference; fileEncoding = 4; lastKnownFileType = sourcecode.c.h; path = BudgetViewController.h; sourceTree = "<group>"; };
		4848B9C4130AB22100702E2D /* BudgetViewController.m */ = {isa = PBXFileReference; fileEncoding = 4; lastKnownFileType = sourcecode.c.objc; path = BudgetViewController.m; sourceTree = "<group>"; };
		4848BA5A130AE7EF00702E2D /* AlertPrompt.h */ = {isa = PBXFileReference; fileEncoding = 4; lastKnownFileType = sourcecode.c.h; path = AlertPrompt.h; sourceTree = "<group>"; };
		4848BA5B130AE7EF00702E2D /* AlertPrompt.m */ = {isa = PBXFileReference; fileEncoding = 4; lastKnownFileType = sourcecode.c.objc; path = AlertPrompt.m; sourceTree = "<group>"; };
		4848BAB7130AFEDD00702E2D /* BudgetPost.h */ = {isa = PBXFileReference; fileEncoding = 4; lastKnownFileType = sourcecode.c.h; path = BudgetPost.h; sourceTree = "<group>"; };
		4848BAB8130AFEDD00702E2D /* BudgetPost.m */ = {isa = PBXFileReference; fileEncoding = 4; lastKnownFileType = sourcecode.c.objc; path = BudgetPost.m; sourceTree = "<group>"; };
		4848BAB9130AFEDD00702E2D /* List.h */ = {isa = PBXFileReference; fileEncoding = 4; lastKnownFileType = sourcecode.c.h; path = List.h; sourceTree = "<group>"; };
		4848BABA130AFEDD00702E2D /* List.m */ = {isa = PBXFileReference; fileEncoding = 4; lastKnownFileType = sourcecode.c.objc; path = List.m; sourceTree = "<group>"; };
		4848BABB130AFEDD00702E2D /* Article.h */ = {isa = PBXFileReference; fileEncoding = 4; lastKnownFileType = sourcecode.c.h; path = Article.h; sourceTree = "<group>"; };
		4848BABC130AFEDD00702E2D /* Article.m */ = {isa = PBXFileReference; fileEncoding = 4; lastKnownFileType = sourcecode.c.objc; path = Article.m; sourceTree = "<group>"; };
		4848BABD130AFEDD00702E2D /* ListArticle.h */ = {isa = PBXFileReference; fileEncoding = 4; lastKnownFileType = sourcecode.c.h; path = ListArticle.h; sourceTree = "<group>"; };
		4848BABE130AFEDD00702E2D /* ListArticle.m */ = {isa = PBXFileReference; fileEncoding = 4; lastKnownFileType = sourcecode.c.objc; path = ListArticle.m; sourceTree = "<group>"; };
		4848BAEF130B03BF00702E2D /* CoreDataTableViewController.h */ = {isa = PBXFileReference; fileEncoding = 4; lastKnownFileType = sourcecode.c.h; path = CoreDataTableViewController.h; sourceTree = "<group>"; };
		4848BAF0130B03BF00702E2D /* CoreDataTableViewController.m */ = {isa = PBXFileReference; fileEncoding = 4; lastKnownFileType = sourcecode.c.objc; path = CoreDataTableViewController.m; sourceTree = "<group>"; };
		4848BBCF130B342400702E2D /* IndividualListTableViewController.h */ = {isa = PBXFileReference; fileEncoding = 4; lastKnownFileType = sourcecode.c.h; path = IndividualListTableViewController.h; sourceTree = "<group>"; };
		4848BBD0130B342400702E2D /* IndividualListTableViewController.m */ = {isa = PBXFileReference; fileEncoding = 4; lastKnownFileType = sourcecode.c.objc; path = IndividualListTableViewController.m; sourceTree = "<group>"; };
		48C3F5A61312F4A700EAE609 /* BudgetTableViewController.h */ = {isa = PBXFileReference; fileEncoding = 4; lastKnownFileType = sourcecode.c.h; path = BudgetTableViewController.h; sourceTree = "<group>"; };
		48C3F5A71312F4A700EAE609 /* BudgetTableViewController.m */ = {isa = PBXFileReference; fileEncoding = 4; lastKnownFileType = sourcecode.c.objc; path = BudgetTableViewController.m; sourceTree = "<group>"; };
		48C3F5F41312FA1000EAE609 /* BudgetTableViewCell.h */ = {isa = PBXFileReference; fileEncoding = 4; lastKnownFileType = sourcecode.c.h; path = BudgetTableViewCell.h; sourceTree = "<group>"; };
		48C3F5F51312FA1000EAE609 /* BudgetTableViewCell.m */ = {isa = PBXFileReference; fileEncoding = 4; lastKnownFileType = sourcecode.c.objc; path = BudgetTableViewCell.m; sourceTree = "<group>"; };
		48C3F70C13140F5800EAE609 /* BudgetPostDetailViewController.xib */ = {isa = PBXFileReference; lastKnownFileType = file.xib; name = BudgetPostDetailViewController.xib; path = Resources/XIBs/BudgetPostDetailViewController.xib; sourceTree = "<group>"; };
		48C3F70D13140F5800EAE609 /* BudgetSettingsViewController.xib */ = {isa = PBXFileReference; lastKnownFileType = file.xib; name = BudgetSettingsViewController.xib; path = Resources/XIBs/BudgetSettingsViewController.xib; sourceTree = "<group>"; };
		48C3F70E13140F5800EAE609 /* BudgetTableViewCell.xib */ = {isa = PBXFileReference; lastKnownFileType = file.xib; name = BudgetTableViewCell.xib; path = Resources/XIBs/BudgetTableViewCell.xib; sourceTree = "<group>"; };
		48C3F70F13140F5800EAE609 /* BudgetViewController.xib */ = {isa = PBXFileReference; lastKnownFileType = file.xib; name = BudgetViewController.xib; path = Resources/XIBs/BudgetViewController.xib; sourceTree = "<group>"; };
		48C3F71013140F5800EAE609 /* IndividualListViewController.xib */ = {isa = PBXFileReference; lastKnownFileType = file.xib; name = IndividualListViewController.xib; path = Resources/XIBs/IndividualListViewController.xib; sourceTree = "<group>"; };
		48C3F71113140F5800EAE609 /* MainWindow.xib */ = {isa = PBXFileReference; lastKnownFileType = file.xib; name = MainWindow.xib; path = Resources/XIBs/MainWindow.xib; sourceTree = "<group>"; };
		48C3F9211314650F00EAE609 /* ArticleDetailViewController.h */ = {isa = PBXFileReference; fileEncoding = 4; lastKnownFileType = sourcecode.c.h; path = ArticleDetailViewController.h; sourceTree = "<group>"; };
		48C3F9221314650F00EAE609 /* ArticleDetailViewController.m */ = {isa = PBXFileReference; fileEncoding = 4; lastKnownFileType = sourcecode.c.objc; path = ArticleDetailViewController.m; sourceTree = "<group>"; };
		48C3F9231314650F00EAE609 /* ArticleDetailViewController.xib */ = {isa = PBXFileReference; lastKnownFileType = file.xib; name = ArticleDetailViewController.xib; path = Classes/ArticleDetailViewController.xib; sourceTree = "<group>"; };
		48F0D8FE1311B05E003D0352 /* IndividualListViewController.h */ = {isa = PBXFileReference; fileEncoding = 4; lastKnownFileType = sourcecode.c.h; path = IndividualListViewController.h; sourceTree = "<group>"; };
		48F0D8FF1311B05E003D0352 /* IndividualListViewController.m */ = {isa = PBXFileReference; fileEncoding = 4; lastKnownFileType = sourcecode.c.objc; path = IndividualListViewController.m; sourceTree = "<group>"; };
		8D1107310486CEB800E47090 /* Handla-Info.plist */ = {isa = PBXFileReference; fileEncoding = 4; lastKnownFileType = text.plist.xml; path = "Handla-Info.plist"; plistStructureDefinitionIdentifier = "com.apple.xcode.plist.structure-definition.iphone.info-plist"; sourceTree = "<group>"; };
/* End PBXFileReference section */

/* Begin PBXFrameworksBuildPhase section */
		1D60588F0D05DD3D006BFB54 /* Frameworks */ = {
			isa = PBXFrameworksBuildPhase;
			buildActionMask = 2147483647;
			files = (
				1D60589F0D05DD5A006BFB54 /* Foundation.framework in Frameworks */,
				1DF5F4E00D08C38300B7A737 /* UIKit.framework in Frameworks */,
				288765A50DF7441C002DB57D /* CoreGraphics.framework in Frameworks */,
				28D801B40F44B63D00FB423F /* CoreData.framework in Frameworks */,
				483CD36A1316DEBB00671D5A /* libzbar.a in Frameworks */,
				483CD38A1316DFBF00671D5A /* libiconv.dylib in Frameworks */,
				483CD3931316DFD300671D5A /* QuartzCore.framework in Frameworks */,
				483CD3B51316E05200671D5A /* AVFoundation.framework in Frameworks */,
				483CD3B71316E05200671D5A /* CoreMedia.framework in Frameworks */,
				483CD3B91316E05200671D5A /* CoreVideo.framework in Frameworks */,
			);
			runOnlyForDeploymentPostprocessing = 0;
		};
		352EA5EF130ABF95001D6E7F /* Frameworks */ = {
			isa = PBXFrameworksBuildPhase;
			buildActionMask = 2147483647;
			files = (
				352EA63E130AC045001D6E7F /* Foundation.framework in Frameworks */,
				352EA63F130AC045001D6E7F /* UIKit.framework in Frameworks */,
				352EA640130AC045001D6E7F /* CoreGraphics.framework in Frameworks */,
				352EA641130AC045001D6E7F /* CoreData.framework in Frameworks */,
				352EA5FB130ABFC5001D6E7F /* GHUnitIOS.framework in Frameworks */,
			);
			runOnlyForDeploymentPostprocessing = 0;
		};
/* End PBXFrameworksBuildPhase section */

/* Begin PBXGroup section */
		080E96DDFE201D6D7F000001 /* Classes */ = {
			isa = PBXGroup;
			children = (
				483CD34D1316DEBB00671D5A /* ZBarSDK */,
				4848BBCE130B33D400702E2D /* Base classes */,
				4848BAC3130AFEE600702E2D /* Database classes */,
				352EA5EC130ABEF5001D6E7F /* Unit tests */,
				481BFF73130D15A200AC4CC8 /* Budget classes */,
				481BFF71130D157700AC4CC8 /* List classes */,
				1D3623240D0F684500981E51 /* HandlaAppDelegate.h */,
				1D3623250D0F684500981E51 /* HandlaAppDelegate.m */,
			);
			path = Classes;
			sourceTree = "<group>";
		};
		19C28FACFE9D520D11CA2CBB /* Products */ = {
			isa = PBXGroup;
			children = (
				1D6058910D05DD3D006BFB54 /* Handla.app */,
				352EA5F1130ABF95001D6E7F /* Unit tests.app */,
			);
			name = Products;
			sourceTree = "<group>";
		};
		29B97314FDCFA39411CA2CEA /* CustomTemplate */ = {
			isa = PBXGroup;
			children = (
				080E96DDFE201D6D7F000001 /* Classes */,
				29B97315FDCFA39411CA2CEA /* Other Sources */,
				29B97317FDCFA39411CA2CEA /* Resources */,
				29B97323FDCFA39411CA2CEA /* Frameworks */,
				19C28FACFE9D520D11CA2CBB /* Products */,
			);
			name = CustomTemplate;
			sourceTree = "<group>";
		};
		29B97315FDCFA39411CA2CEA /* Other Sources */ = {
			isa = PBXGroup;
			children = (
				32CA4F630368D1EE00C91783 /* Handla_Prefix.pch */,
				29B97316FDCFA39411CA2CEA /* main.m */,
			);
			name = "Other Sources";
			sourceTree = "<group>";
		};
		29B97317FDCFA39411CA2CEA /* Resources */ = {
			isa = PBXGroup;
			children = (
				481BFFB3130D21E600AC4CC8 /* XIBs */,
				481BFFB2130D21DD00AC4CC8 /* Models */,
				481BFFB1130D21D600AC4CC8 /* Images */,
				8D1107310486CEB800E47090 /* Handla-Info.plist */,
				352EA5F3130ABF95001D6E7F /* Unit tests-Info.plist */,
			);
			name = Resources;
			sourceTree = "<group>";
		};
		29B97323FDCFA39411CA2CEA /* Frameworks */ = {
			isa = PBXGroup;
			children = (
				1DF5F4DF0D08C38300B7A737 /* UIKit.framework */,
				1D30AB110D05D00D00671497 /* Foundation.framework */,
				288765A40DF7441C002DB57D /* CoreGraphics.framework */,
				28D801B30F44B63D00FB423F /* CoreData.framework */,
				352EA5F7130ABFB9001D6E7F /* GHUnitIOS.framework */,
				483CD3891316DFBF00671D5A /* libiconv.dylib */,
				483CD3921316DFD300671D5A /* QuartzCore.framework */,
				483CD3B41316E05200671D5A /* AVFoundation.framework */,
				483CD3B61316E05200671D5A /* CoreMedia.framework */,
				483CD3B81316E05200671D5A /* CoreVideo.framework */,
			);
			name = Frameworks;
			sourceTree = "<group>";
		};
		352EA5EC130ABEF5001D6E7F /* Unit tests */ = {
			isa = PBXGroup;
			children = (
				359DED73131519CD00F3D4F1 /* ArticleTest.m */,
				359DED74131519CD00F3D4F1 /* ListTest.m */,
				352EA5E7130ABEF3001D6E7F /* GHUnitIOSTestMain.m */,
				352EA5E6130ABEF3001D6E7F /* TestingConstants.m */,
				352EA5E8130ABEF3001D6E7F /* ExampleTestCase.m */,
			);
			name = "Unit tests";
			sourceTree = "<group>";
		};
		481BFF71130D157700AC4CC8 /* List classes */ = {
			isa = PBXGroup;
			children = (
				4848B95E130AA95300702E2D /* ListsViewController.h */,
				4848B95F130AA95300702E2D /* ListsViewController.m */,
				4848BBCF130B342400702E2D /* IndividualListTableViewController.h */,
				4848BBD0130B342400702E2D /* IndividualListTableViewController.m */,
				48F0D8FE1311B05E003D0352 /* IndividualListViewController.h */,
				48F0D8FF1311B05E003D0352 /* IndividualListViewController.m */,
				481BFF74130D16E700AC4CC8 /* AddArticleListViewController.h */,
				481BFF75130D16E700AC4CC8 /* AddArticleListViewController.m */,
				48C3F9211314650F00EAE609 /* ArticleDetailViewController.h */,
				48C3F9221314650F00EAE609 /* ArticleDetailViewController.m */,
			);
			name = "List classes";
			sourceTree = "<group>";
		};
		481BFF73130D15A200AC4CC8 /* Budget classes */ = {
			isa = PBXGroup;
			children = (
				48C3F5F41312FA1000EAE609 /* BudgetTableViewCell.h */,
				48C3F5F51312FA1000EAE609 /* BudgetTableViewCell.m */,
				48C3F5A61312F4A700EAE609 /* BudgetTableViewController.h */,
				48C3F5A71312F4A700EAE609 /* BudgetTableViewController.m */,
				4848B9C3130AB22100702E2D /* BudgetViewController.h */,
				4848B9C4130AB22100702E2D /* BudgetViewController.m */,
				481BFF87130D18DC00AC4CC8 /* BudgetSettingsViewController.h */,
				481BFF88130D18DC00AC4CC8 /* BudgetSettingsViewController.m */,
				481BFF96130D1E9B00AC4CC8 /* BudgetPostDetailViewController.h */,
				481BFF97130D1E9B00AC4CC8 /* BudgetPostDetailViewController.m */,
			);
			name = "Budget classes";
			sourceTree = "<group>";
		};
		481BFFB1130D21D600AC4CC8 /* Images */ = {
			isa = PBXGroup;
			children = (
				481BFFCC130D220900AC4CC8 /* BudgetIcon.png */,
				481BFFCD130D220900AC4CC8 /* BudgetIcon@2x.png */,
				481BFFCE130D220900AC4CC8 /* ListIcon.png */,
				481BFFCF130D220900AC4CC8 /* ListIcon@2x.png */,
			);
			name = Images;
			sourceTree = "<group>";
		};
		481BFFB2130D21DD00AC4CC8 /* Models */ = {
			isa = PBXGroup;
			children = (
				481BFFAC130D21B300AC4CC8 /* Handla.xcdatamodeld */,
			);
			name = Models;
			sourceTree = "<group>";
		};
		481BFFB3130D21E600AC4CC8 /* XIBs */ = {
			isa = PBXGroup;
			children = (
				48C3F9231314650F00EAE609 /* ArticleDetailViewController.xib */,
				48C3F70C13140F5800EAE609 /* BudgetPostDetailViewController.xib */,
				48C3F70D13140F5800EAE609 /* BudgetSettingsViewController.xib */,
				48C3F70E13140F5800EAE609 /* BudgetTableViewCell.xib */,
				48C3F70F13140F5800EAE609 /* BudgetViewController.xib */,
				48C3F71013140F5800EAE609 /* IndividualListViewController.xib */,
				48C3F71113140F5800EAE609 /* MainWindow.xib */,
			);
			name = XIBs;
			sourceTree = "<group>";
		};
		483CD34D1316DEBB00671D5A /* ZBarSDK */ = {
			isa = PBXGroup;
			children = (
				483CD34E1316DEBB00671D5A /* Headers */,
				483CD3641316DEBB00671D5A /* libzbar.a */,
				483CD3651316DEBB00671D5A /* Resources */,
			);
			path = ZBarSDK;
			sourceTree = "<group>";
		};
		483CD34E1316DEBB00671D5A /* Headers */ = {
			isa = PBXGroup;
			children = (
				483CD34F1316DEBB00671D5A /* ZBarSDK */,
			);
			path = Headers;
			sourceTree = "<group>";
		};
		483CD34F1316DEBB00671D5A /* ZBarSDK */ = {
			isa = PBXGroup;
			children = (
				483CD3501316DEBB00671D5A /* zbar */,
				483CD35A1316DEBB00671D5A /* zbar.h */,
				483CD35B1316DEBB00671D5A /* ZBarCaptureReader.h */,
				483CD35C1316DEBB00671D5A /* ZBarHelpController.h */,
				483CD35D1316DEBB00671D5A /* ZBarImage.h */,
				483CD35E1316DEBB00671D5A /* ZBarImageScanner.h */,
				483CD35F1316DEBB00671D5A /* ZBarReaderController.h */,
				483CD3601316DEBB00671D5A /* ZBarReaderView.h */,
				483CD3611316DEBB00671D5A /* ZBarReaderViewController.h */,
				483CD3621316DEBB00671D5A /* ZBarSDK.h */,
				483CD3631316DEBB00671D5A /* ZBarSymbol.h */,
			);
			path = ZBarSDK;
			sourceTree = "<group>";
		};
		483CD3501316DEBB00671D5A /* zbar */ = {
			isa = PBXGroup;
			children = (
				483CD3511316DEBB00671D5A /* Decoder.h */,
				483CD3521316DEBB00671D5A /* Exception.h */,
				483CD3531316DEBB00671D5A /* Image.h */,
				483CD3541316DEBB00671D5A /* ImageScanner.h */,
				483CD3551316DEBB00671D5A /* Processor.h */,
				483CD3561316DEBB00671D5A /* Scanner.h */,
				483CD3571316DEBB00671D5A /* Symbol.h */,
				483CD3581316DEBB00671D5A /* Video.h */,
				483CD3591316DEBB00671D5A /* Window.h */,
			);
			path = zbar;
			sourceTree = "<group>";
		};
		483CD3651316DEBB00671D5A /* Resources */ = {
			isa = PBXGroup;
			children = (
				483CD3661316DEBB00671D5A /* zbar-back.png */,
				483CD3671316DEBB00671D5A /* zbar-help.html */,
				483CD3681316DEBB00671D5A /* zbar-helpicons.png */,
				483CD3691316DEBB00671D5A /* zbar-samples.png */,
			);
			path = Resources;
			sourceTree = "<group>";
		};
		4848BAC3130AFEE600702E2D /* Database classes */ = {
			isa = PBXGroup;
			children = (
				4848BAB7130AFEDD00702E2D /* BudgetPost.h */,
				4848BAB8130AFEDD00702E2D /* BudgetPost.m */,
				4848BAB9130AFEDD00702E2D /* List.h */,
				4848BABA130AFEDD00702E2D /* List.m */,
				4848BABB130AFEDD00702E2D /* Article.h */,
				4848BABC130AFEDD00702E2D /* Article.m */,
				4848BABD130AFEDD00702E2D /* ListArticle.h */,
				4848BABE130AFEDD00702E2D /* ListArticle.m */,
			);
			name = "Database classes";
			sourceTree = "<group>";
		};
		4848BBCE130B33D400702E2D /* Base classes */ = {
			isa = PBXGroup;
			children = (
				4848BA5A130AE7EF00702E2D /* AlertPrompt.h */,
				4848BA5B130AE7EF00702E2D /* AlertPrompt.m */,
				4848BAEF130B03BF00702E2D /* CoreDataTableViewController.h */,
				4848BAF0130B03BF00702E2D /* CoreDataTableViewController.m */,
			);
			name = "Base classes";
			sourceTree = "<group>";
		};
/* End PBXGroup section */

/* Begin PBXNativeTarget section */
		1D6058900D05DD3D006BFB54 /* Handla */ = {
			isa = PBXNativeTarget;
			buildConfigurationList = 1D6058960D05DD3E006BFB54 /* Build configuration list for PBXNativeTarget "Handla" */;
			buildPhases = (
				1D60588D0D05DD3D006BFB54 /* Resources */,
				1D60588E0D05DD3D006BFB54 /* Sources */,
				1D60588F0D05DD3D006BFB54 /* Frameworks */,
			);
			buildRules = (
			);
			dependencies = (
			);
			name = Handla;
			productName = Handla;
			productReference = 1D6058910D05DD3D006BFB54 /* Handla.app */;
			productType = "com.apple.product-type.application";
		};
		352EA5F0130ABF95001D6E7F /* Unit tests */ = {
			isa = PBXNativeTarget;
			buildConfigurationList = 352EA5F6130ABF95001D6E7F /* Build configuration list for PBXNativeTarget "Unit tests" */;
			buildPhases = (
				352EA5ED130ABF95001D6E7F /* Resources */,
				352EA5EE130ABF95001D6E7F /* Sources */,
				352EA5EF130ABF95001D6E7F /* Frameworks */,
			);
			buildRules = (
			);
			dependencies = (
				352EA612130ABFCC001D6E7F /* PBXTargetDependency */,
			);
			name = "Unit tests";
			productName = "Unit tests";
			productReference = 352EA5F1130ABF95001D6E7F /* Unit tests.app */;
			productType = "com.apple.product-type.application";
		};
/* End PBXNativeTarget section */

/* Begin PBXProject section */
		29B97313FDCFA39411CA2CEA /* Project object */ = {
			isa = PBXProject;
			buildConfigurationList = C01FCF4E08A954540054247B /* Build configuration list for PBXProject "Handla" */;
			compatibilityVersion = "Xcode 3.2";
			developmentRegion = English;
			hasScannedForEncodings = 1;
			knownRegions = (
				English,
				Japanese,
				French,
				German,
			);
			mainGroup = 29B97314FDCFA39411CA2CEA /* CustomTemplate */;
			projectDirPath = "";
			projectRoot = "";
			targets = (
				1D6058900D05DD3D006BFB54 /* Handla */,
				352EA5F0130ABF95001D6E7F /* Unit tests */,
			);
		};
/* End PBXProject section */

/* Begin PBXResourcesBuildPhase section */
		1D60588D0D05DD3D006BFB54 /* Resources */ = {
			isa = PBXResourcesBuildPhase;
			buildActionMask = 2147483647;
			files = (
				481BFFD0130D220900AC4CC8 /* BudgetIcon.png in Resources */,
				481BFFD1130D220900AC4CC8 /* BudgetIcon@2x.png in Resources */,
				481BFFD2130D220900AC4CC8 /* ListIcon.png in Resources */,
				481BFFD3130D220900AC4CC8 /* ListIcon@2x.png in Resources */,
				48C3F71213140F5800EAE609 /* BudgetPostDetailViewController.xib in Resources */,
				48C3F71313140F5800EAE609 /* BudgetSettingsViewController.xib in Resources */,
				48C3F71413140F5800EAE609 /* BudgetTableViewCell.xib in Resources */,
				48C3F71513140F5800EAE609 /* BudgetViewController.xib in Resources */,
				48C3F71613140F5800EAE609 /* IndividualListViewController.xib in Resources */,
				48C3F71713140F5800EAE609 /* MainWindow.xib in Resources */,
				48C3F9251314650F00EAE609 /* ArticleDetailViewController.xib in Resources */,
				483CD36B1316DEBB00671D5A /* zbar-back.png in Resources */,
				483CD36C1316DEBB00671D5A /* zbar-help.html in Resources */,
				483CD36D1316DEBB00671D5A /* zbar-helpicons.png in Resources */,
				483CD36E1316DEBB00671D5A /* zbar-samples.png in Resources */,
			);
			runOnlyForDeploymentPostprocessing = 0;
		};
		352EA5ED130ABF95001D6E7F /* Resources */ = {
			isa = PBXResourcesBuildPhase;
			buildActionMask = 2147483647;
			files = (
			);
			runOnlyForDeploymentPostprocessing = 0;
		};
/* End PBXResourcesBuildPhase section */

/* Begin PBXSourcesBuildPhase section */
		1D60588E0D05DD3D006BFB54 /* Sources */ = {
			isa = PBXSourcesBuildPhase;
			buildActionMask = 2147483647;
			files = (
				1D60589B0D05DD56006BFB54 /* main.m in Sources */,
				1D3623260D0F684500981E51 /* HandlaAppDelegate.m in Sources */,
				4848B960130AA95300702E2D /* ListsViewController.m in Sources */,
				4848B9C5130AB22100702E2D /* BudgetViewController.m in Sources */,
				4848BA5C130AE7EF00702E2D /* AlertPrompt.m in Sources */,
				4848BABF130AFEDD00702E2D /* BudgetPost.m in Sources */,
				4848BAC0130AFEDD00702E2D /* List.m in Sources */,
				4848BAC1130AFEDD00702E2D /* Article.m in Sources */,
				4848BAC2130AFEDD00702E2D /* ListArticle.m in Sources */,
				4848BAF1130B03BF00702E2D /* CoreDataTableViewController.m in Sources */,
				4848BBD1130B342400702E2D /* IndividualListTableViewController.m in Sources */,
				481BFF76130D16E700AC4CC8 /* AddArticleListViewController.m in Sources */,
				481BFF8A130D18DC00AC4CC8 /* BudgetSettingsViewController.m in Sources */,
				481BFF98130D1E9B00AC4CC8 /* BudgetPostDetailViewController.m in Sources */,
				481BFFAE130D21B300AC4CC8 /* Handla.xcdatamodeld in Sources */,
				48F0D9011311B05E003D0352 /* IndividualListViewController.m in Sources */,
				48C3F5A81312F4A700EAE609 /* BudgetTableViewController.m in Sources */,
				48C3F5F61312FA1000EAE609 /* BudgetTableViewCell.m in Sources */,
				48C3F9241314650F00EAE609 /* ArticleDetailViewController.m in Sources */,
			);
			runOnlyForDeploymentPostprocessing = 0;
		};
		352EA5EE130ABF95001D6E7F /* Sources */ = {
			isa = PBXSourcesBuildPhase;
			buildActionMask = 2147483647;
			files = (
				352EA613130ABFD1001D6E7F /* GHUnitIOSTestMain.m in Sources */,
				352EA614130ABFD1001D6E7F /* TestingConstants.m in Sources */,
				352EA615130ABFD1001D6E7F /* ExampleTestCase.m in Sources */,
				359DED75131519CD00F3D4F1 /* ArticleTest.m in Sources */,
				359DED76131519CD00F3D4F1 /* ListTest.m in Sources */,
			);
			runOnlyForDeploymentPostprocessing = 0;
		};
/* End PBXSourcesBuildPhase section */

/* Begin PBXTargetDependency section */
		352EA612130ABFCC001D6E7F /* PBXTargetDependency */ = {
			isa = PBXTargetDependency;
			target = 1D6058900D05DD3D006BFB54 /* Handla */;
			targetProxy = 352EA611130ABFCC001D6E7F /* PBXContainerItemProxy */;
		};
/* End PBXTargetDependency section */

/* Begin XCBuildConfiguration section */
		1D6058940D05DD3E006BFB54 /* Debug */ = {
			isa = XCBuildConfiguration;
			buildSettings = {
				ALWAYS_SEARCH_USER_PATHS = NO;
				COPY_PHASE_STRIP = NO;
				FRAMEWORK_SEARCH_PATHS = (
					"$(inherited)",
					"\"$(SRCROOT)/Unit_testing\"",
				);
				GCC_DYNAMIC_NO_PIC = NO;
				GCC_OPTIMIZATION_LEVEL = 0;
				GCC_PRECOMPILE_PREFIX_HEADER = YES;
				GCC_PREFIX_HEADER = Handla_Prefix.pch;
				INFOPLIST_FILE = "Handla-Info.plist";
				LIBRARY_SEARCH_PATHS = (
					"$(inherited)",
					"\"$(SRCROOT)/Classes/ZBarSDK\"",
				);
				PRODUCT_NAME = Handla;
			};
			name = Debug;
		};
		1D6058950D05DD3E006BFB54 /* Release */ = {
			isa = XCBuildConfiguration;
			buildSettings = {
				ALWAYS_SEARCH_USER_PATHS = NO;
				COPY_PHASE_STRIP = YES;
				FRAMEWORK_SEARCH_PATHS = (
					"$(inherited)",
					"\"$(SRCROOT)/Unit_testing\"",
				);
				GCC_PRECOMPILE_PREFIX_HEADER = YES;
				GCC_PREFIX_HEADER = Handla_Prefix.pch;
				INFOPLIST_FILE = "Handla-Info.plist";
				LIBRARY_SEARCH_PATHS = (
					"$(inherited)",
					"\"$(SRCROOT)/Classes/ZBarSDK\"",
				);
				PRODUCT_NAME = Handla;
				VALIDATE_PRODUCT = YES;
			};
			name = Release;
		};
		352EA5F4130ABF95001D6E7F /* Debug */ = {
			isa = XCBuildConfiguration;
			buildSettings = {
				ALWAYS_SEARCH_USER_PATHS = NO;
				CODE_SIGN_IDENTITY = "iPhone Developer";
				COPY_PHASE_STRIP = NO;
				FRAMEWORK_SEARCH_PATHS = (
					"$(inherited)",
					"\"$(SRCROOT)/Unit_testing\"",
				);
				GCC_DYNAMIC_NO_PIC = NO;
				GCC_OPTIMIZATION_LEVEL = 0;
				GCC_PRECOMPILE_PREFIX_HEADER = YES;
				GCC_PREFIX_HEADER = "$(SYSTEM_LIBRARY_DIR)/Frameworks/UIKit.framework/Headers/UIKit.h";
				INFOPLIST_FILE = "Unit tests-Info.plist";
				INSTALL_PATH = "$(HOME)/Applications";
				OTHER_LDFLAGS = (
					"-framework",
					Foundation,
					"-framework",
					UIKit,
					"-ObjC",
					"-all_load",
				);
				PREBINDING = NO;
				PRODUCT_NAME = "Unit tests";
				SDKROOT = iphoneos;
			};
			name = Debug;
		};
		352EA5F5130ABF95001D6E7F /* Release */ = {
			isa = XCBuildConfiguration;
			buildSettings = {
				ALWAYS_SEARCH_USER_PATHS = NO;
				CODE_SIGN_IDENTITY = "iPhone Developer";
				COPY_PHASE_STRIP = YES;
				DEBUG_INFORMATION_FORMAT = "dwarf-with-dsym";
				FRAMEWORK_SEARCH_PATHS = (
					"$(inherited)",
					"\"$(SRCROOT)/Unit_testing\"",
				);
				GCC_ENABLE_FIX_AND_CONTINUE = NO;
				GCC_PRECOMPILE_PREFIX_HEADER = YES;
				GCC_PREFIX_HEADER = "$(SYSTEM_LIBRARY_DIR)/Frameworks/UIKit.framework/Headers/UIKit.h";
				INFOPLIST_FILE = "Unit tests-Info.plist";
				INSTALL_PATH = "$(HOME)/Applications";
				OTHER_LDFLAGS = (
					"-framework",
					Foundation,
					"-framework",
					UIKit,
					"-ObjC",
					"-all_load",
				);
				PREBINDING = NO;
				PRODUCT_NAME = "Unit tests";
				SDKROOT = iphoneos;
				ZERO_LINK = NO;
			};
			name = Release;
		};
		C01FCF4F08A954540054247B /* Debug */ = {
			isa = XCBuildConfiguration;
			buildSettings = {
				ARCHS = "$(ARCHS_STANDARD_32_BIT)";
				"CODE_SIGN_IDENTITY[sdk=iphoneos*]" = "iPhone Developer";
				GCC_C_LANGUAGE_STANDARD = c99;
				GCC_WARN_ABOUT_RETURN_TYPE = YES;
				GCC_WARN_UNUSED_VARIABLE = YES;
				PREBINDING = NO;
				SDKROOT = iphoneos;
			};
			name = Debug;
		};
		C01FCF5008A954540054247B /* Release */ = {
			isa = XCBuildConfiguration;
			buildSettings = {
				ARCHS = "$(ARCHS_STANDARD_32_BIT)";
				"CODE_SIGN_IDENTITY[sdk=iphoneos*]" = "iPhone Developer";
				GCC_C_LANGUAGE_STANDARD = c99;
				GCC_WARN_ABOUT_RETURN_TYPE = YES;
				GCC_WARN_UNUSED_VARIABLE = YES;
				OTHER_CFLAGS = "-DNS_BLOCK_ASSERTIONS=1";
				PREBINDING = NO;
				SDKROOT = iphoneos;
			};
			name = Release;
		};
/* End XCBuildConfiguration section */

/* Begin XCConfigurationList section */
		1D6058960D05DD3E006BFB54 /* Build configuration list for PBXNativeTarget "Handla" */ = {
			isa = XCConfigurationList;
			buildConfigurations = (
				1D6058940D05DD3E006BFB54 /* Debug */,
				1D6058950D05DD3E006BFB54 /* Release */,
			);
			defaultConfigurationIsVisible = 0;
			defaultConfigurationName = Release;
		};
		352EA5F6130ABF95001D6E7F /* Build configuration list for PBXNativeTarget "Unit tests" */ = {
			isa = XCConfigurationList;
			buildConfigurations = (
				352EA5F4130ABF95001D6E7F /* Debug */,
				352EA5F5130ABF95001D6E7F /* Release */,
			);
			defaultConfigurationIsVisible = 0;
			defaultConfigurationName = Release;
		};
		C01FCF4E08A954540054247B /* Build configuration list for PBXProject "Handla" */ = {
			isa = XCConfigurationList;
			buildConfigurations = (
				C01FCF4F08A954540054247B /* Debug */,
				C01FCF5008A954540054247B /* Release */,
			);
			defaultConfigurationIsVisible = 0;
			defaultConfigurationName = Release;
		};
/* End XCConfigurationList section */

/* Begin XCVersionGroup section */
		481BFFAC130D21B300AC4CC8 /* Handla.xcdatamodeld */ = {
			isa = XCVersionGroup;
			children = (
				481BFFAD130D21B300AC4CC8 /* Handla.xcdatamodel */,
				483CD41D1316E5EF00671D5A /* Handla 2.xcdatamodel */,
			);
			currentVersion = 483CD41D1316E5EF00671D5A /* Handla 2.xcdatamodel */;
			name = Handla.xcdatamodeld;
			path = Resources/Models/Handla.xcdatamodeld;
			sourceTree = "<group>";
			versionGroupType = wrapper.xcdatamodel;
		};
/* End XCVersionGroup section */
	};
	rootObject = 29B97313FDCFA39411CA2CEA /* Project object */;
}
